
Microsoft Visual Studio Solution File, Format Version 12.00
# Visual Studio 15
VisualStudioVersion = 15.0.33026.149
MinimumVisualStudioVersion = 10.0.40219.1
Project("{FAE04EC0-301F-11D3-BF4B-00C04F79EFBC}") = "NewCurryPointCenter", "NewCurryPointCenter\NewCurryPointCenter.csproj", "{0093596F-92D6-4802-999C-20F07A696D36}"
EndProject
Global
	GlobalSection(SolutionConfigurationPlatforms) = preSolution
		Debug|Any CPU = Debug|Any CPU
		Release|Any CPU = Release|Any CPU
	EndGlobalSection
	GlobalSection(ProjectConfigurationPlatforms) = postSolution
		{0093596F-92D6-4802-999C-20F07A696D36}.Debug|Any CPU.ActiveCfg = Debug|Any CPU
		{0093596F-92D6-4802-999C-20F07A696D36}.Debug|Any CPU.Build.0 = Debug|Any CPU
		{0093596F-92D6-4802-999C-20F07A696D36}.Release|Any CPU.ActiveCfg = Release|Any CPU
		{0093596F-92D6-4802-999C-20F07A696D36}.Release|Any CPU.Build.0 = Release|Any CPU
	EndGlobalSection
	GlobalSection(SolutionProperties) = preSolution
		HideSolutionNode = FALSE
	EndGlobalSection
	GlobalSection(ExtensibilityGlobals) = postSolution
		SolutionGuid = {88989A5F-8F74-45A1-8F15-C0AAF28C2186}
	EndGlobalSection
EndGlobal
